
Microsoft Visual Studio Solution File, Format Version 12.00
# Visual Studio Version 17
VisualStudioVersion = 17.3.32901.215
MinimumVisualStudioVersion = 10.0.40219.1
Project("{9A19103F-16F7-4668-BE54-9A1E7A4F7556}") = "KrosWebAPI", "KrosWebAPI.csproj", "{303C4B58-CC78-4F24-B486-C5F4C614A9B1}"
EndProject
Project("{FAE04EC0-301F-11D3-BF4B-00C04F79EFBC}") = "KrosWebAPITests", "..\KrosWebAPITests\KrosWebAPITests.csproj", "{A6A883A6-ECCF-4C01-8839-73BAE5F99824}"
EndProject
Global
	GlobalSection(SolutionConfigurationPlatforms) = preSolution
		Debug|Any CPU = Debug|Any CPU
		Release|Any CPU = Release|Any CPU
	EndGlobalSection
	GlobalSection(ProjectConfigurationPlatforms) = postSolution
		{303C4B58-CC78-4F24-B486-C5F4C614A9B1}.Debug|Any CPU.ActiveCfg = Debug|Any CPU
		{303C4B58-CC78-4F24-B486-C5F4C614A9B1}.Debug|Any CPU.Build.0 = Debug|Any CPU
		{303C4B58-CC78-4F24-B486-C5F4C614A9B1}.Release|Any CPU.ActiveCfg = Release|Any CPU
		{303C4B58-CC78-4F24-B486-C5F4C614A9B1}.Release|Any CPU.Build.0 = Release|Any CPU
		{A6A883A6-ECCF-4C01-8839-73BAE5F99824}.Debug|Any CPU.ActiveCfg = Debug|Any CPU
		{A6A883A6-ECCF-4C01-8839-73BAE5F99824}.Debug|Any CPU.Build.0 = Debug|Any CPU
		{A6A883A6-ECCF-4C01-8839-73BAE5F99824}.Release|Any CPU.ActiveCfg = Release|Any CPU
		{A6A883A6-ECCF-4C01-8839-73BAE5F99824}.Release|Any CPU.Build.0 = Release|Any CPU
	EndGlobalSection
	GlobalSection(SolutionProperties) = preSolution
		HideSolutionNode = FALSE
	EndGlobalSection
	GlobalSection(ExtensibilityGlobals) = postSolution
		SolutionGuid = {0CEDEFD5-95C4-4621-957B-A4A37D78B40C}
	EndGlobalSection
EndGlobal
